
Microsoft Visual Studio Solution File, Format Version 12.00
# Visual Studio Version 17
VisualStudioVersion = 17.2.32505.173
MinimumVisualStudioVersion = 10.0.40219.1
Project("{9A19103F-16F7-4668-BE54-9A1E7A4F7556}") = "IOT-Meta", "IOT-Meta\IOT-Meta.csproj", "{695FD1F3-C055-4678-A6D0-1AAB5942DD07}"
EndProject
Project("{2150E333-8FDC-42A3-9474-1A3956D46DE8}") = "src", "src", "{476487B1-9262-4AC5-93C2-CF06CD46B144}"
EndProject
Project("{2150E333-8FDC-42A3-9474-1A3956D46DE8}") = "Dapr", "Dapr", "{FF476038-A0C1-4F8D-AE6C-9C039C2CE9B6}"
EndProject
Project("{9A19103F-16F7-4668-BE54-9A1E7A4F7556}") = "Dapr.AspNetCore", "src\Dapr\Dapr.AspNetCore\Dapr.AspNetCore.csproj", "{B7FDB885-E444-41BA-9660-E0B7CDB7F56A}"
EndProject
Project("{9A19103F-16F7-4668-BE54-9A1E7A4F7556}") = "Dapr.Client", "src\Dapr\Dapr.Client\Dapr.Client.csproj", "{0C940C6A-C85C-4672-AE26-3F71E94EAE34}"
EndProject
Project("{2150E333-8FDC-42A3-9474-1A3956D46DE8}") = "Actors", "Actors", "{98EA7847-D20D-4049-8D79-6A87EE305DB6}"
EndProject
Project("{9A19103F-16F7-4668-BE54-9A1E7A4F7556}") = "ActorClient", "src\Actor\ActorClient\ActorClient.csproj", "{52E512CE-7C4E-4210-8A53-39BF0D8A2CE6}"
EndProject
Project("{9A19103F-16F7-4668-BE54-9A1E7A4F7556}") = "DemoActor", "src\Actor\DemoActor\DemoActor.csproj", "{915A6E04-1C85-4D56-890E-16026CE7483B}"
EndProject
Project("{9A19103F-16F7-4668-BE54-9A1E7A4F7556}") = "IDemoActor", "src\Actor\IDemoActor\IDemoActor.csproj", "{BCF16963-8441-4AAC-B5B8-C0569DE47E7E}"
EndProject
Project("{9A19103F-16F7-4668-BE54-9A1E7A4F7556}") = "Dapr.Actors", "src\Dapr\Dapr.Actors\Dapr.Actors.csproj", "{6D0BE80A-F552-4130-B4A7-4BB8D868688F}"
EndProject
Project("{9A19103F-16F7-4668-BE54-9A1E7A4F7556}") = "Dapr.Actors.AspNetCore", "src\Dapr\Dapr.Actors.AspNetCore\Dapr.Actors.AspNetCore.csproj", "{02D1CAB5-7099-4A83-A6FA-DC648C7DD7FF}"
EndProject
Project("{9A19103F-16F7-4668-BE54-9A1E7A4F7556}") = "IOT-Meta.GrpcService", "IOT-Meta.GrpcService\IOT-Meta.GrpcService.csproj", "{55FC1DF5-6B6C-46FA-B7ED-9393C00F5524}"
EndProject
Project("{9A19103F-16F7-4668-BE54-9A1E7A4F7556}") = "IOT-Meta.Routing", "IOT-Meta.Routing\IOT-Meta.Routing.csproj", "{F7DB4A5B-5832-47DE-8DBE-9A4A1BF1B9C2}"
EndProject
Project("{9A19103F-16F7-4668-BE54-9A1E7A4F7556}") = "IOT-Meta.SecretStore", "IOT-Meta.SecretStore\IOT-Meta.SecretStore.csproj", "{48295BDC-B635-4265-85E0-05730F78337E}"
EndProject
Project("{9A19103F-16F7-4668-BE54-9A1E7A4F7556}") = "Dapr.Extensions.Configuration", "src\Dapr\Dapr.Extensions.Configuration\Dapr.Extensions.Configuration.csproj", "{28E4148C-C5D1-4A80-BF39-6B30BFEDF621}"
EndProject
Project("{2150E333-8FDC-42A3-9474-1A3956D46DE8}") = "Client", "Client", "{5DFA6A5E-D54C-44DD-97EC-5BC5B0230821}"
EndProject
Project("{9A19103F-16F7-4668-BE54-9A1E7A4F7556}") = "ConfigurationApi", "Client\ConfigurationApi\ConfigurationApi.csproj", "{6211AC98-8979-4293-BAD2-D451C8C7CBB1}"
EndProject
Global
	GlobalSection(SolutionConfigurationPlatforms) = preSolution
		Debug|Any CPU = Debug|Any CPU
		Release|Any CPU = Release|Any CPU
	EndGlobalSection
	GlobalSection(ProjectConfigurationPlatforms) = postSolution
		{695FD1F3-C055-4678-A6D0-1AAB5942DD07}.Debug|Any CPU.ActiveCfg = Debug|Any CPU
		{695FD1F3-C055-4678-A6D0-1AAB5942DD07}.Debug|Any CPU.Build.0 = Debug|Any CPU
		{695FD1F3-C055-4678-A6D0-1AAB5942DD07}.Release|Any CPU.ActiveCfg = Release|Any CPU
		{695FD1F3-C055-4678-A6D0-1AAB5942DD07}.Release|Any CPU.Build.0 = Release|Any CPU
		{B7FDB885-E444-41BA-9660-E0B7CDB7F56A}.Debug|Any CPU.ActiveCfg = Debug|Any CPU
		{B7FDB885-E444-41BA-9660-E0B7CDB7F56A}.Debug|Any CPU.Build.0 = Debug|Any CPU
		{B7FDB885-E444-41BA-9660-E0B7CDB7F56A}.Release|Any CPU.ActiveCfg = Release|Any CPU
		{B7FDB885-E444-41BA-9660-E0B7CDB7F56A}.Release|Any CPU.Build.0 = Release|Any CPU
		{0C940C6A-C85C-4672-AE26-3F71E94EAE34}.Debug|Any CPU.ActiveCfg = Debug|Any CPU
		{0C940C6A-C85C-4672-AE26-3F71E94EAE34}.Debug|Any CPU.Build.0 = Debug|Any CPU
		{0C940C6A-C85C-4672-AE26-3F71E94EAE34}.Release|Any CPU.ActiveCfg = Release|Any CPU
		{0C940C6A-C85C-4672-AE26-3F71E94EAE34}.Release|Any CPU.Build.0 = Release|Any CPU
		{52E512CE-7C4E-4210-8A53-39BF0D8A2CE6}.Debug|Any CPU.ActiveCfg = Debug|Any CPU
		{52E512CE-7C4E-4210-8A53-39BF0D8A2CE6}.Debug|Any CPU.Build.0 = Debug|Any CPU
		{52E512CE-7C4E-4210-8A53-39BF0D8A2CE6}.Release|Any CPU.ActiveCfg = Release|Any CPU
		{52E512CE-7C4E-4210-8A53-39BF0D8A2CE6}.Release|Any CPU.Build.0 = Release|Any CPU
		{915A6E04-1C85-4D56-890E-16026CE7483B}.Debug|Any CPU.ActiveCfg = Debug|Any CPU
		{915A6E04-1C85-4D56-890E-16026CE7483B}.Debug|Any CPU.Build.0 = Debug|Any CPU
		{915A6E04-1C85-4D56-890E-16026CE7483B}.Release|Any CPU.ActiveCfg = Release|Any CPU
		{915A6E04-1C85-4D56-890E-16026CE7483B}.Release|Any CPU.Build.0 = Release|Any CPU
		{BCF16963-8441-4AAC-B5B8-C0569DE47E7E}.Debug|Any CPU.ActiveCfg = Debug|Any CPU
		{BCF16963-8441-4AAC-B5B8-C0569DE47E7E}.Debug|Any CPU.Build.0 = Debug|Any CPU
		{BCF16963-8441-4AAC-B5B8-C0569DE47E7E}.Release|Any CPU.ActiveCfg = Release|Any CPU
		{BCF16963-8441-4AAC-B5B8-C0569DE47E7E}.Release|Any CPU.Build.0 = Release|Any CPU
		{6D0BE80A-F552-4130-B4A7-4BB8D868688F}.Debug|Any CPU.ActiveCfg = Debug|Any CPU
		{6D0BE80A-F552-4130-B4A7-4BB8D868688F}.Debug|Any CPU.Build.0 = Debug|Any CPU
		{6D0BE80A-F552-4130-B4A7-4BB8D868688F}.Release|Any CPU.ActiveCfg = Release|Any CPU
		{6D0BE80A-F552-4130-B4A7-4BB8D868688F}.Release|Any CPU.Build.0 = Release|Any CPU
		{02D1CAB5-7099-4A83-A6FA-DC648C7DD7FF}.Debug|Any CPU.ActiveCfg = Debug|Any CPU
		{02D1CAB5-7099-4A83-A6FA-DC648C7DD7FF}.Debug|Any CPU.Build.0 = Debug|Any CPU
		{02D1CAB5-7099-4A83-A6FA-DC648C7DD7FF}.Release|Any CPU.ActiveCfg = Release|Any CPU
		{02D1CAB5-7099-4A83-A6FA-DC648C7DD7FF}.Release|Any CPU.Build.0 = Release|Any CPU
		{55FC1DF5-6B6C-46FA-B7ED-9393C00F5524}.Debug|Any CPU.ActiveCfg = Debug|Any CPU
		{55FC1DF5-6B6C-46FA-B7ED-9393C00F5524}.Debug|Any CPU.Build.0 = Debug|Any CPU
		{55FC1DF5-6B6C-46FA-B7ED-9393C00F5524}.Release|Any CPU.ActiveCfg = Release|Any CPU
		{55FC1DF5-6B6C-46FA-B7ED-9393C00F5524}.Release|Any CPU.Build.0 = Release|Any CPU
		{F7DB4A5B-5832-47DE-8DBE-9A4A1BF1B9C2}.Debug|Any CPU.ActiveCfg = Debug|Any CPU
		{F7DB4A5B-5832-47DE-8DBE-9A4A1BF1B9C2}.Debug|Any CPU.Build.0 = Debug|Any CPU
		{F7DB4A5B-5832-47DE-8DBE-9A4A1BF1B9C2}.Release|Any CPU.ActiveCfg = Release|Any CPU
		{F7DB4A5B-5832-47DE-8DBE-9A4A1BF1B9C2}.Release|Any CPU.Build.0 = Release|Any CPU
		{48295BDC-B635-4265-85E0-05730F78337E}.Debug|Any CPU.ActiveCfg = Debug|Any CPU
		{48295BDC-B635-4265-85E0-05730F78337E}.Debug|Any CPU.Build.0 = Debug|Any CPU
		{48295BDC-B635-4265-85E0-05730F78337E}.Release|Any CPU.ActiveCfg = Release|Any CPU
		{48295BDC-B635-4265-85E0-05730F78337E}.Release|Any CPU.Build.0 = Release|Any CPU
		{28E4148C-C5D1-4A80-BF39-6B30BFEDF621}.Debug|Any CPU.ActiveCfg = Debug|Any CPU
		{28E4148C-C5D1-4A80-BF39-6B30BFEDF621}.Debug|Any CPU.Build.0 = Debug|Any CPU
		{28E4148C-C5D1-4A80-BF39-6B30BFEDF621}.Release|Any CPU.ActiveCfg = Release|Any CPU
		{28E4148C-C5D1-4A80-BF39-6B30BFEDF621}.Release|Any CPU.Build.0 = Release|Any CPU
		{6211AC98-8979-4293-BAD2-D451C8C7CBB1}.Debug|Any CPU.ActiveCfg = Debug|Any CPU
		{6211AC98-8979-4293-BAD2-D451C8C7CBB1}.Debug|Any CPU.Build.0 = Debug|Any CPU
		{6211AC98-8979-4293-BAD2-D451C8C7CBB1}.Release|Any CPU.ActiveCfg = Release|Any CPU
		{6211AC98-8979-4293-BAD2-D451C8C7CBB1}.Release|Any CPU.Build.0 = Release|Any CPU
	EndGlobalSection
	GlobalSection(SolutionProperties) = preSolution
		HideSolutionNode = FALSE
	EndGlobalSection
	GlobalSection(NestedProjects) = preSolution
		{FF476038-A0C1-4F8D-AE6C-9C039C2CE9B6} = {476487B1-9262-4AC5-93C2-CF06CD46B144}
		{B7FDB885-E444-41BA-9660-E0B7CDB7F56A} = {FF476038-A0C1-4F8D-AE6C-9C039C2CE9B6}
		{0C940C6A-C85C-4672-AE26-3F71E94EAE34} = {FF476038-A0C1-4F8D-AE6C-9C039C2CE9B6}
		{98EA7847-D20D-4049-8D79-6A87EE305DB6} = {476487B1-9262-4AC5-93C2-CF06CD46B144}
		{52E512CE-7C4E-4210-8A53-39BF0D8A2CE6} = {98EA7847-D20D-4049-8D79-6A87EE305DB6}
		{915A6E04-1C85-4D56-890E-16026CE7483B} = {98EA7847-D20D-4049-8D79-6A87EE305DB6}
		{BCF16963-8441-4AAC-B5B8-C0569DE47E7E} = {98EA7847-D20D-4049-8D79-6A87EE305DB6}
		{6D0BE80A-F552-4130-B4A7-4BB8D868688F} = {FF476038-A0C1-4F8D-AE6C-9C039C2CE9B6}
		{02D1CAB5-7099-4A83-A6FA-DC648C7DD7FF} = {FF476038-A0C1-4F8D-AE6C-9C039C2CE9B6}
		{28E4148C-C5D1-4A80-BF39-6B30BFEDF621} = {FF476038-A0C1-4F8D-AE6C-9C039C2CE9B6}
		{6211AC98-8979-4293-BAD2-D451C8C7CBB1} = {5DFA6A5E-D54C-44DD-97EC-5BC5B0230821}
	EndGlobalSection
	GlobalSection(ExtensibilityGlobals) = postSolution
		SolutionGuid = {F392A655-214E-44AB-AFA5-B4B992026A7D}
	EndGlobalSection
EndGlobal
