
Microsoft Visual Studio Solution File, Format Version 12.00
# Visual Studio Version 16
VisualStudioVersion = 16.0.31829.152
MinimumVisualStudioVersion = 10.0.40219.1
Project("{2150E333-8FDC-42A3-9474-1A3956D46DE8}") = "MoreOpenDLL", "MoreOpenDLL", "{F035A3F3-6C86-4E82-9D87-9A73ADE8AF2B}"
EndProject
Project("{9A19103F-16F7-4668-BE54-9A1E7A4F7556}") = "Optical Core", "Optical Core\Optical Core.csproj", "{7FA65088-2729-421A-A9DC-E207437875B0}"
EndProject
Project("{9A19103F-16F7-4668-BE54-9A1E7A4F7556}") = "Optical Server", "Optical Server\Optical Server.csproj", "{E200D165-287A-4299-B89E-E601C013ADCF}"
EndProject
Project("{2150E333-8FDC-42A3-9474-1A3956D46DE8}") = "OIDC协议", "OIDC协议", "{5DC6CFFE-78B1-437A-B05B-43328F4AF21F}"
EndProject
Project("{2150E333-8FDC-42A3-9474-1A3956D46DE8}") = "JWT协议", "JWT协议", "{8CF1CC9E-A777-45BA-B3CD-236D612AA7B5}"
EndProject
Project("{2150E333-8FDC-42A3-9474-1A3956D46DE8}") = "Test", "Test", "{44888B4F-3935-4DA0-ABF2-EDC1EC53FA7C}"
EndProject
Project("{9A19103F-16F7-4668-BE54-9A1E7A4F7556}") = "Optical.Server.Testing", "Test\Optical.Server.Testing\Optical.Server.Testing.csproj", "{8438F48D-5FE3-45B3-8A24-A42592934E08}"
EndProject
Project("{FAE04EC0-301F-11D3-BF4B-00C04F79EFBC}") = "OpenAgreement", "MoreOpenDLL\OpenAgreement\OpenAgreement.csproj", "{68636438-13F2-4369-AC8F-EDC1B31D4EB4}"
EndProject
Project("{FAE04EC0-301F-11D3-BF4B-00C04F79EFBC}") = "TestProject1", "Test\TestProject1\TestProject1.csproj", "{99D35558-49B6-412D-A5CE-3DD818A3F74D}"
EndProject
Project("{FAE04EC0-301F-11D3-BF4B-00C04F79EFBC}") = "OpenOIDC", "OpenOIDC\OpenOIDC.csproj", "{6A6B343E-734C-4417-875D-BDE8C9C8ED33}"
EndProject
Global
	GlobalSection(SolutionConfigurationPlatforms) = preSolution
		Debug|Any CPU = Debug|Any CPU
		Debug|x64 = Debug|x64
		Debug|x86 = Debug|x86
		Release|Any CPU = Release|Any CPU
		Release|x64 = Release|x64
		Release|x86 = Release|x86
	EndGlobalSection
	GlobalSection(ProjectConfigurationPlatforms) = postSolution
		{7FA65088-2729-421A-A9DC-E207437875B0}.Debug|Any CPU.ActiveCfg = Debug|Any CPU
		{7FA65088-2729-421A-A9DC-E207437875B0}.Debug|Any CPU.Build.0 = Debug|Any CPU
		{7FA65088-2729-421A-A9DC-E207437875B0}.Debug|x64.ActiveCfg = Debug|Any CPU
		{7FA65088-2729-421A-A9DC-E207437875B0}.Debug|x64.Build.0 = Debug|Any CPU
		{7FA65088-2729-421A-A9DC-E207437875B0}.Debug|x86.ActiveCfg = Debug|Any CPU
		{7FA65088-2729-421A-A9DC-E207437875B0}.Debug|x86.Build.0 = Debug|Any CPU
		{7FA65088-2729-421A-A9DC-E207437875B0}.Release|Any CPU.ActiveCfg = Release|Any CPU
		{7FA65088-2729-421A-A9DC-E207437875B0}.Release|Any CPU.Build.0 = Release|Any CPU
		{7FA65088-2729-421A-A9DC-E207437875B0}.Release|x64.ActiveCfg = Release|Any CPU
		{7FA65088-2729-421A-A9DC-E207437875B0}.Release|x64.Build.0 = Release|Any CPU
		{7FA65088-2729-421A-A9DC-E207437875B0}.Release|x86.ActiveCfg = Release|Any CPU
		{7FA65088-2729-421A-A9DC-E207437875B0}.Release|x86.Build.0 = Release|Any CPU
		{E200D165-287A-4299-B89E-E601C013ADCF}.Debug|Any CPU.ActiveCfg = Debug|Any CPU
		{E200D165-287A-4299-B89E-E601C013ADCF}.Debug|Any CPU.Build.0 = Debug|Any CPU
		{E200D165-287A-4299-B89E-E601C013ADCF}.Debug|x64.ActiveCfg = Debug|Any CPU
		{E200D165-287A-4299-B89E-E601C013ADCF}.Debug|x64.Build.0 = Debug|Any CPU
		{E200D165-287A-4299-B89E-E601C013ADCF}.Debug|x86.ActiveCfg = Debug|Any CPU
		{E200D165-287A-4299-B89E-E601C013ADCF}.Debug|x86.Build.0 = Debug|Any CPU
		{E200D165-287A-4299-B89E-E601C013ADCF}.Release|Any CPU.ActiveCfg = Release|Any CPU
		{E200D165-287A-4299-B89E-E601C013ADCF}.Release|Any CPU.Build.0 = Release|Any CPU
		{E200D165-287A-4299-B89E-E601C013ADCF}.Release|x64.ActiveCfg = Release|Any CPU
		{E200D165-287A-4299-B89E-E601C013ADCF}.Release|x64.Build.0 = Release|Any CPU
		{E200D165-287A-4299-B89E-E601C013ADCF}.Release|x86.ActiveCfg = Release|Any CPU
		{E200D165-287A-4299-B89E-E601C013ADCF}.Release|x86.Build.0 = Release|Any CPU
		{8438F48D-5FE3-45B3-8A24-A42592934E08}.Debug|Any CPU.ActiveCfg = Debug|Any CPU
		{8438F48D-5FE3-45B3-8A24-A42592934E08}.Debug|Any CPU.Build.0 = Debug|Any CPU
		{8438F48D-5FE3-45B3-8A24-A42592934E08}.Debug|x64.ActiveCfg = Debug|Any CPU
		{8438F48D-5FE3-45B3-8A24-A42592934E08}.Debug|x64.Build.0 = Debug|Any CPU
		{8438F48D-5FE3-45B3-8A24-A42592934E08}.Debug|x86.ActiveCfg = Debug|Any CPU
		{8438F48D-5FE3-45B3-8A24-A42592934E08}.Debug|x86.Build.0 = Debug|Any CPU
		{8438F48D-5FE3-45B3-8A24-A42592934E08}.Release|Any CPU.ActiveCfg = Release|Any CPU
		{8438F48D-5FE3-45B3-8A24-A42592934E08}.Release|Any CPU.Build.0 = Release|Any CPU
		{8438F48D-5FE3-45B3-8A24-A42592934E08}.Release|x64.ActiveCfg = Release|Any CPU
		{8438F48D-5FE3-45B3-8A24-A42592934E08}.Release|x64.Build.0 = Release|Any CPU
		{8438F48D-5FE3-45B3-8A24-A42592934E08}.Release|x86.ActiveCfg = Release|Any CPU
		{8438F48D-5FE3-45B3-8A24-A42592934E08}.Release|x86.Build.0 = Release|Any CPU
		{68636438-13F2-4369-AC8F-EDC1B31D4EB4}.Debug|Any CPU.ActiveCfg = Debug|Any CPU
		{68636438-13F2-4369-AC8F-EDC1B31D4EB4}.Debug|Any CPU.Build.0 = Debug|Any CPU
		{68636438-13F2-4369-AC8F-EDC1B31D4EB4}.Debug|x64.ActiveCfg = Debug|Any CPU
		{68636438-13F2-4369-AC8F-EDC1B31D4EB4}.Debug|x64.Build.0 = Debug|Any CPU
		{68636438-13F2-4369-AC8F-EDC1B31D4EB4}.Debug|x86.ActiveCfg = Debug|Any CPU
		{68636438-13F2-4369-AC8F-EDC1B31D4EB4}.Debug|x86.Build.0 = Debug|Any CPU
		{68636438-13F2-4369-AC8F-EDC1B31D4EB4}.Release|Any CPU.ActiveCfg = Release|Any CPU
		{68636438-13F2-4369-AC8F-EDC1B31D4EB4}.Release|Any CPU.Build.0 = Release|Any CPU
		{68636438-13F2-4369-AC8F-EDC1B31D4EB4}.Release|x64.ActiveCfg = Release|Any CPU
		{68636438-13F2-4369-AC8F-EDC1B31D4EB4}.Release|x64.Build.0 = Release|Any CPU
		{68636438-13F2-4369-AC8F-EDC1B31D4EB4}.Release|x86.ActiveCfg = Release|Any CPU
		{68636438-13F2-4369-AC8F-EDC1B31D4EB4}.Release|x86.Build.0 = Release|Any CPU
		{99D35558-49B6-412D-A5CE-3DD818A3F74D}.Debug|Any CPU.ActiveCfg = Debug|Any CPU
		{99D35558-49B6-412D-A5CE-3DD818A3F74D}.Debug|Any CPU.Build.0 = Debug|Any CPU
		{99D35558-49B6-412D-A5CE-3DD818A3F74D}.Debug|x64.ActiveCfg = Debug|Any CPU
		{99D35558-49B6-412D-A5CE-3DD818A3F74D}.Debug|x64.Build.0 = Debug|Any CPU
		{99D35558-49B6-412D-A5CE-3DD818A3F74D}.Debug|x86.ActiveCfg = Debug|Any CPU
		{99D35558-49B6-412D-A5CE-3DD818A3F74D}.Debug|x86.Build.0 = Debug|Any CPU
		{99D35558-49B6-412D-A5CE-3DD818A3F74D}.Release|Any CPU.ActiveCfg = Release|Any CPU
		{99D35558-49B6-412D-A5CE-3DD818A3F74D}.Release|Any CPU.Build.0 = Release|Any CPU
		{99D35558-49B6-412D-A5CE-3DD818A3F74D}.Release|x64.ActiveCfg = Release|Any CPU
		{99D35558-49B6-412D-A5CE-3DD818A3F74D}.Release|x64.Build.0 = Release|Any CPU
		{99D35558-49B6-412D-A5CE-3DD818A3F74D}.Release|x86.ActiveCfg = Release|Any CPU
		{99D35558-49B6-412D-A5CE-3DD818A3F74D}.Release|x86.Build.0 = Release|Any CPU
		{6A6B343E-734C-4417-875D-BDE8C9C8ED33}.Debug|Any CPU.ActiveCfg = Debug|Any CPU
		{6A6B343E-734C-4417-875D-BDE8C9C8ED33}.Debug|Any CPU.Build.0 = Debug|Any CPU
		{6A6B343E-734C-4417-875D-BDE8C9C8ED33}.Debug|x64.ActiveCfg = Debug|Any CPU
		{6A6B343E-734C-4417-875D-BDE8C9C8ED33}.Debug|x64.Build.0 = Debug|Any CPU
		{6A6B343E-734C-4417-875D-BDE8C9C8ED33}.Debug|x86.ActiveCfg = Debug|Any CPU
		{6A6B343E-734C-4417-875D-BDE8C9C8ED33}.Debug|x86.Build.0 = Debug|Any CPU
		{6A6B343E-734C-4417-875D-BDE8C9C8ED33}.Release|Any CPU.ActiveCfg = Release|Any CPU
		{6A6B343E-734C-4417-875D-BDE8C9C8ED33}.Release|Any CPU.Build.0 = Release|Any CPU
		{6A6B343E-734C-4417-875D-BDE8C9C8ED33}.Release|x64.ActiveCfg = Release|Any CPU
		{6A6B343E-734C-4417-875D-BDE8C9C8ED33}.Release|x64.Build.0 = Release|Any CPU
		{6A6B343E-734C-4417-875D-BDE8C9C8ED33}.Release|x86.ActiveCfg = Release|Any CPU
		{6A6B343E-734C-4417-875D-BDE8C9C8ED33}.Release|x86.Build.0 = Release|Any CPU
	EndGlobalSection
	GlobalSection(SolutionProperties) = preSolution
		HideSolutionNode = FALSE
	EndGlobalSection
	GlobalSection(NestedProjects) = preSolution
		{5DC6CFFE-78B1-437A-B05B-43328F4AF21F} = {F035A3F3-6C86-4E82-9D87-9A73ADE8AF2B}
		{8CF1CC9E-A777-45BA-B3CD-236D612AA7B5} = {F035A3F3-6C86-4E82-9D87-9A73ADE8AF2B}
		{8438F48D-5FE3-45B3-8A24-A42592934E08} = {44888B4F-3935-4DA0-ABF2-EDC1EC53FA7C}
		{68636438-13F2-4369-AC8F-EDC1B31D4EB4} = {F035A3F3-6C86-4E82-9D87-9A73ADE8AF2B}
		{99D35558-49B6-412D-A5CE-3DD818A3F74D} = {44888B4F-3935-4DA0-ABF2-EDC1EC53FA7C}
		{6A6B343E-734C-4417-875D-BDE8C9C8ED33} = {5DC6CFFE-78B1-437A-B05B-43328F4AF21F}
	EndGlobalSection
	GlobalSection(ExtensibilityGlobals) = postSolution
		SolutionGuid = {F0986D2C-AF40-4FE3-9E81-F684D3F5F2D5}
	EndGlobalSection
EndGlobal
