
Microsoft Visual Studio Solution File, Format Version 12.00
# Visual Studio Version 16
VisualStudioVersion = 16.0.32228.343
MinimumVisualStudioVersion = 10.0.40219.1
Project("{2150E333-8FDC-42A3-9474-1A3956D46DE8}") = "lib", "lib", "{F035A3F3-6C86-4E82-9D87-9A73ADE8AF2B}"
EndProject
Project("{9A19103F-16F7-4668-BE54-9A1E7A4F7556}") = "Optical Core", "Optical Core\Optical Core.csproj", "{7FA65088-2729-421A-A9DC-E207437875B0}"
EndProject
Project("{9A19103F-16F7-4668-BE54-9A1E7A4F7556}") = "Optical Server", "Optical Server\Optical Server.csproj", "{E200D165-287A-4299-B89E-E601C013ADCF}"
EndProject
Project("{2150E333-8FDC-42A3-9474-1A3956D46DE8}") = "example", "example", "{AC7F32B5-5E9D-4AE8-ABEA-6DA1B0035838}"
EndProject
Project("{FAE04EC0-301F-11D3-BF4B-00C04F79EFBC}") = "GrandSql", "lib\GrandSql\GrandSql.csproj", "{03B8129C-C52A-4263-A412-BE7060695322}"
EndProject
Project("{FAE04EC0-301F-11D3-BF4B-00C04F79EFBC}") = "OpenAgree", "lib\OpenAgree\OpenAgree.csproj", "{6C4143E5-4FEB-440E-A30D-B7591DE0016B}"
EndProject
Project("{9A19103F-16F7-4668-BE54-9A1E7A4F7556}") = "IdentityApi", "example\OIDC协议\IdentityApi\IdentityApi.csproj", "{C410FF3D-EEBD-4A5F-9ED6-A465BCF49C5C}"
EndProject
Project("{9A19103F-16F7-4668-BE54-9A1E7A4F7556}") = "IdentityServer", "example\OIDC协议\IdentityServer\IdentityServer.csproj", "{AAF31C0B-9BC0-4680-9302-5B1A13A1ED78}"
EndProject
Global
	GlobalSection(SolutionConfigurationPlatforms) = preSolution
		Debug|Any CPU = Debug|Any CPU
		Debug|x64 = Debug|x64
		Debug|x86 = Debug|x86
		Release|Any CPU = Release|Any CPU
		Release|x64 = Release|x64
		Release|x86 = Release|x86
	EndGlobalSection
	GlobalSection(ProjectConfigurationPlatforms) = postSolution
		{7FA65088-2729-421A-A9DC-E207437875B0}.Debug|Any CPU.ActiveCfg = Debug|Any CPU
		{7FA65088-2729-421A-A9DC-E207437875B0}.Debug|Any CPU.Build.0 = Debug|Any CPU
		{7FA65088-2729-421A-A9DC-E207437875B0}.Debug|x64.ActiveCfg = Debug|Any CPU
		{7FA65088-2729-421A-A9DC-E207437875B0}.Debug|x64.Build.0 = Debug|Any CPU
		{7FA65088-2729-421A-A9DC-E207437875B0}.Debug|x86.ActiveCfg = Debug|Any CPU
		{7FA65088-2729-421A-A9DC-E207437875B0}.Debug|x86.Build.0 = Debug|Any CPU
		{7FA65088-2729-421A-A9DC-E207437875B0}.Release|Any CPU.ActiveCfg = Release|Any CPU
		{7FA65088-2729-421A-A9DC-E207437875B0}.Release|Any CPU.Build.0 = Release|Any CPU
		{7FA65088-2729-421A-A9DC-E207437875B0}.Release|x64.ActiveCfg = Release|Any CPU
		{7FA65088-2729-421A-A9DC-E207437875B0}.Release|x64.Build.0 = Release|Any CPU
		{7FA65088-2729-421A-A9DC-E207437875B0}.Release|x86.ActiveCfg = Release|Any CPU
		{7FA65088-2729-421A-A9DC-E207437875B0}.Release|x86.Build.0 = Release|Any CPU
		{E200D165-287A-4299-B89E-E601C013ADCF}.Debug|Any CPU.ActiveCfg = Debug|Any CPU
		{E200D165-287A-4299-B89E-E601C013ADCF}.Debug|Any CPU.Build.0 = Debug|Any CPU
		{E200D165-287A-4299-B89E-E601C013ADCF}.Debug|x64.ActiveCfg = Debug|Any CPU
		{E200D165-287A-4299-B89E-E601C013ADCF}.Debug|x64.Build.0 = Debug|Any CPU
		{E200D165-287A-4299-B89E-E601C013ADCF}.Debug|x86.ActiveCfg = Debug|Any CPU
		{E200D165-287A-4299-B89E-E601C013ADCF}.Debug|x86.Build.0 = Debug|Any CPU
		{E200D165-287A-4299-B89E-E601C013ADCF}.Release|Any CPU.ActiveCfg = Release|Any CPU
		{E200D165-287A-4299-B89E-E601C013ADCF}.Release|Any CPU.Build.0 = Release|Any CPU
		{E200D165-287A-4299-B89E-E601C013ADCF}.Release|x64.ActiveCfg = Release|Any CPU
		{E200D165-287A-4299-B89E-E601C013ADCF}.Release|x64.Build.0 = Release|Any CPU
		{E200D165-287A-4299-B89E-E601C013ADCF}.Release|x86.ActiveCfg = Release|Any CPU
		{E200D165-287A-4299-B89E-E601C013ADCF}.Release|x86.Build.0 = Release|Any CPU
		{03B8129C-C52A-4263-A412-BE7060695322}.Debug|Any CPU.ActiveCfg = Debug|Any CPU
		{03B8129C-C52A-4263-A412-BE7060695322}.Debug|Any CPU.Build.0 = Debug|Any CPU
		{03B8129C-C52A-4263-A412-BE7060695322}.Debug|x64.ActiveCfg = Debug|Any CPU
		{03B8129C-C52A-4263-A412-BE7060695322}.Debug|x64.Build.0 = Debug|Any CPU
		{03B8129C-C52A-4263-A412-BE7060695322}.Debug|x86.ActiveCfg = Debug|Any CPU
		{03B8129C-C52A-4263-A412-BE7060695322}.Debug|x86.Build.0 = Debug|Any CPU
		{03B8129C-C52A-4263-A412-BE7060695322}.Release|Any CPU.ActiveCfg = Release|Any CPU
		{03B8129C-C52A-4263-A412-BE7060695322}.Release|Any CPU.Build.0 = Release|Any CPU
		{03B8129C-C52A-4263-A412-BE7060695322}.Release|x64.ActiveCfg = Release|Any CPU
		{03B8129C-C52A-4263-A412-BE7060695322}.Release|x64.Build.0 = Release|Any CPU
		{03B8129C-C52A-4263-A412-BE7060695322}.Release|x86.ActiveCfg = Release|Any CPU
		{03B8129C-C52A-4263-A412-BE7060695322}.Release|x86.Build.0 = Release|Any CPU
		{6C4143E5-4FEB-440E-A30D-B7591DE0016B}.Debug|Any CPU.ActiveCfg = Debug|Any CPU
		{6C4143E5-4FEB-440E-A30D-B7591DE0016B}.Debug|Any CPU.Build.0 = Debug|Any CPU
		{6C4143E5-4FEB-440E-A30D-B7591DE0016B}.Debug|x64.ActiveCfg = Debug|Any CPU
		{6C4143E5-4FEB-440E-A30D-B7591DE0016B}.Debug|x64.Build.0 = Debug|Any CPU
		{6C4143E5-4FEB-440E-A30D-B7591DE0016B}.Debug|x86.ActiveCfg = Debug|Any CPU
		{6C4143E5-4FEB-440E-A30D-B7591DE0016B}.Debug|x86.Build.0 = Debug|Any CPU
		{6C4143E5-4FEB-440E-A30D-B7591DE0016B}.Release|Any CPU.ActiveCfg = Release|Any CPU
		{6C4143E5-4FEB-440E-A30D-B7591DE0016B}.Release|Any CPU.Build.0 = Release|Any CPU
		{6C4143E5-4FEB-440E-A30D-B7591DE0016B}.Release|x64.ActiveCfg = Release|Any CPU
		{6C4143E5-4FEB-440E-A30D-B7591DE0016B}.Release|x64.Build.0 = Release|Any CPU
		{6C4143E5-4FEB-440E-A30D-B7591DE0016B}.Release|x86.ActiveCfg = Release|Any CPU
		{6C4143E5-4FEB-440E-A30D-B7591DE0016B}.Release|x86.Build.0 = Release|Any CPU
		{C410FF3D-EEBD-4A5F-9ED6-A465BCF49C5C}.Debug|Any CPU.ActiveCfg = Debug|Any CPU
		{C410FF3D-EEBD-4A5F-9ED6-A465BCF49C5C}.Debug|Any CPU.Build.0 = Debug|Any CPU
		{C410FF3D-EEBD-4A5F-9ED6-A465BCF49C5C}.Debug|x64.ActiveCfg = Debug|Any CPU
		{C410FF3D-EEBD-4A5F-9ED6-A465BCF49C5C}.Debug|x64.Build.0 = Debug|Any CPU
		{C410FF3D-EEBD-4A5F-9ED6-A465BCF49C5C}.Debug|x86.ActiveCfg = Debug|Any CPU
		{C410FF3D-EEBD-4A5F-9ED6-A465BCF49C5C}.Debug|x86.Build.0 = Debug|Any CPU
		{C410FF3D-EEBD-4A5F-9ED6-A465BCF49C5C}.Release|Any CPU.ActiveCfg = Release|Any CPU
		{C410FF3D-EEBD-4A5F-9ED6-A465BCF49C5C}.Release|Any CPU.Build.0 = Release|Any CPU
		{C410FF3D-EEBD-4A5F-9ED6-A465BCF49C5C}.Release|x64.ActiveCfg = Release|Any CPU
		{C410FF3D-EEBD-4A5F-9ED6-A465BCF49C5C}.Release|x64.Build.0 = Release|Any CPU
		{C410FF3D-EEBD-4A5F-9ED6-A465BCF49C5C}.Release|x86.ActiveCfg = Release|Any CPU
		{C410FF3D-EEBD-4A5F-9ED6-A465BCF49C5C}.Release|x86.Build.0 = Release|Any CPU
		{AAF31C0B-9BC0-4680-9302-5B1A13A1ED78}.Debug|Any CPU.ActiveCfg = Debug|Any CPU
		{AAF31C0B-9BC0-4680-9302-5B1A13A1ED78}.Debug|Any CPU.Build.0 = Debug|Any CPU
		{AAF31C0B-9BC0-4680-9302-5B1A13A1ED78}.Debug|x64.ActiveCfg = Debug|Any CPU
		{AAF31C0B-9BC0-4680-9302-5B1A13A1ED78}.Debug|x64.Build.0 = Debug|Any CPU
		{AAF31C0B-9BC0-4680-9302-5B1A13A1ED78}.Debug|x86.ActiveCfg = Debug|Any CPU
		{AAF31C0B-9BC0-4680-9302-5B1A13A1ED78}.Debug|x86.Build.0 = Debug|Any CPU
		{AAF31C0B-9BC0-4680-9302-5B1A13A1ED78}.Release|Any CPU.ActiveCfg = Release|Any CPU
		{AAF31C0B-9BC0-4680-9302-5B1A13A1ED78}.Release|Any CPU.Build.0 = Release|Any CPU
		{AAF31C0B-9BC0-4680-9302-5B1A13A1ED78}.Release|x64.ActiveCfg = Release|Any CPU
		{AAF31C0B-9BC0-4680-9302-5B1A13A1ED78}.Release|x64.Build.0 = Release|Any CPU
		{AAF31C0B-9BC0-4680-9302-5B1A13A1ED78}.Release|x86.ActiveCfg = Release|Any CPU
		{AAF31C0B-9BC0-4680-9302-5B1A13A1ED78}.Release|x86.Build.0 = Release|Any CPU
	EndGlobalSection
	GlobalSection(SolutionProperties) = preSolution
		HideSolutionNode = FALSE
	EndGlobalSection
	GlobalSection(NestedProjects) = preSolution
		{03B8129C-C52A-4263-A412-BE7060695322} = {F035A3F3-6C86-4E82-9D87-9A73ADE8AF2B}
		{6C4143E5-4FEB-440E-A30D-B7591DE0016B} = {F035A3F3-6C86-4E82-9D87-9A73ADE8AF2B}
		{C410FF3D-EEBD-4A5F-9ED6-A465BCF49C5C} = {AC7F32B5-5E9D-4AE8-ABEA-6DA1B0035838}
		{AAF31C0B-9BC0-4680-9302-5B1A13A1ED78} = {AC7F32B5-5E9D-4AE8-ABEA-6DA1B0035838}
	EndGlobalSection
	GlobalSection(ExtensibilityGlobals) = postSolution
		SolutionGuid = {F0986D2C-AF40-4FE3-9E81-F684D3F5F2D5}
	EndGlobalSection
EndGlobal
